// !$*UTF8*$!
{
	archiveVersion = 1;
	classes = {
	};
	objectVersion = 46;
	objects = {

/* Begin PBXBuildFile section */
		6741F31C19924FDD000E9F7A /* MBProgressHUD.m in Sources */ = {isa = PBXBuildFile; fileRef = 6741F31B19924FDD000E9F7A /* MBProgressHUD.m */; };
		67F560AE198A680900434B9D /* Foundation.framework in Frameworks */ = {isa = PBXBuildFile; fileRef = 67F560AD198A680900434B9D /* Foundation.framework */; };
		67F560B0198A680900434B9D /* CoreGraphics.framework in Frameworks */ = {isa = PBXBuildFile; fileRef = 67F560AF198A680900434B9D /* CoreGraphics.framework */; };
		67F560B2198A680900434B9D /* UIKit.framework in Frameworks */ = {isa = PBXBuildFile; fileRef = 67F560B1198A680900434B9D /* UIKit.framework */; };
		67F560B8198A680900434B9D /* InfoPlist.strings in Resources */ = {isa = PBXBuildFile; fileRef = 67F560B6198A680900434B9D /* InfoPlist.strings */; };
		67F560BA198A680900434B9D /* main.m in Sources */ = {isa = PBXBuildFile; fileRef = 67F560B9198A680900434B9D /* main.m */; };
		67F560BE198A680900434B9D /* AppDelegate.m in Sources */ = {isa = PBXBuildFile; fileRef = 67F560BD198A680900434B9D /* AppDelegate.m */; };
		67F560C1198A680900434B9D /* Main.storyboard in Resources */ = {isa = PBXBuildFile; fileRef = 67F560BF198A680900434B9D /* Main.storyboard */; };
		67F560C6198A680900434B9D /* Images.xcassets in Resources */ = {isa = PBXBuildFile; fileRef = 67F560C5198A680900434B9D /* Images.xcassets */; };
		67F560CD198A680900434B9D /* XCTest.framework in Frameworks */ = {isa = PBXBuildFile; fileRef = 67F560CC198A680900434B9D /* XCTest.framework */; };
		67F560CE198A680900434B9D /* Foundation.framework in Frameworks */ = {isa = PBXBuildFile; fileRef = 67F560AD198A680900434B9D /* Foundation.framework */; };
		67F560CF198A680900434B9D /* UIKit.framework in Frameworks */ = {isa = PBXBuildFile; fileRef = 67F560B1198A680900434B9D /* UIKit.framework */; };
		67F560D7198A680900434B9D /* InfoPlist.strings in Resources */ = {isa = PBXBuildFile; fileRef = 67F560D5198A680900434B9D /* InfoPlist.strings */; };
		67F560D9198A680900434B9D /* Moip_StoreTests.m in Sources */ = {isa = PBXBuildFile; fileRef = 67F560D8198A680900434B9D /* Moip_StoreTests.m */; };
		67F560E7198A683A00434B9D /* ProductsViewController.m in Sources */ = {isa = PBXBuildFile; fileRef = 67F560E6198A683A00434B9D /* ProductsViewController.m */; };
		67F560EA198A68A500434B9D /* Product.m in Sources */ = {isa = PBXBuildFile; fileRef = 67F560E9198A68A500434B9D /* Product.m */; };
		67F560EC198A68CD00434B9D /* Products.json in Resources */ = {isa = PBXBuildFile; fileRef = 67F560EB198A68CD00434B9D /* Products.json */; };
		67F560EF198A6C7100434B9D /* ProducstCell.m in Sources */ = {isa = PBXBuildFile; fileRef = 67F560EE198A6C7100434B9D /* ProducstCell.m */; };
		67F560F1198A6E0B00434B9D /* QuartzCore.framework in Frameworks */ = {isa = PBXBuildFile; fileRef = 67F560F0198A6E0B00434B9D /* QuartzCore.framework */; };
		67F560F5198A73BF00434B9D /* Utilities.m in Sources */ = {isa = PBXBuildFile; fileRef = 67F560F4198A73BF00434B9D /* Utilities.m */; };
		67F560F8198A75B800434B9D /* OrderViewController.m in Sources */ = {isa = PBXBuildFile; fileRef = 67F560F7198A75B800434B9D /* OrderViewController.m */; };
		67F56122198A872600434B9D /* MoipSDK.framework in Frameworks */ = {isa = PBXBuildFile; fileRef = 67F560FA198A872600434B9D /* MoipSDK.framework */; };
		67F56123198A872600434B9D /* amex.png in Resources */ = {isa = PBXBuildFile; fileRef = 67F560FC198A872600434B9D /* amex.png */; };
		67F56124198A872600434B9D /* amex@2x.png in Resources */ = {isa = PBXBuildFile; fileRef = 67F560FD198A872600434B9D /* amex@2x.png */; };
		67F56125198A872600434B9D /* cvc-amex.png in Resources */ = {isa = PBXBuildFile; fileRef = 67F560FE198A872600434B9D /* cvc-amex.png */; };
		67F56126198A872600434B9D /* cvc-amex@2x.png in Resources */ = {isa = PBXBuildFile; fileRef = 67F560FF198A872600434B9D /* cvc-amex@2x.png */; };
		67F56127198A872600434B9D /* cvc.png in Resources */ = {isa = PBXBuildFile; fileRef = 67F56100198A872600434B9D /* cvc.png */; };
		67F56128198A872600434B9D /* cvc@2x.png in Resources */ = {isa = PBXBuildFile; fileRef = 67F56101198A872600434B9D /* cvc@2x.png */; };
		67F56129198A872600434B9D /* diners.png in Resources */ = {isa = PBXBuildFile; fileRef = 67F56102198A872600434B9D /* diners.png */; };
		67F5612A198A872600434B9D /* diners@2x.png in Resources */ = {isa = PBXBuildFile; fileRef = 67F56103198A872600434B9D /* diners@2x.png */; };
		67F5612B198A872600434B9D /* discover.png in Resources */ = {isa = PBXBuildFile; fileRef = 67F56104198A872600434B9D /* discover.png */; };
		67F5612C198A872600434B9D /* discover@2x.png in Resources */ = {isa = PBXBuildFile; fileRef = 67F56105198A872600434B9D /* discover@2x.png */; };
		67F5612D198A872600434B9D /* gradient@2x.png in Resources */ = {isa = PBXBuildFile; fileRef = 67F56106198A872600434B9D /* gradient@2x.png */; };
		67F5612E198A872600434B9D /* jcb.png in Resources */ = {isa = PBXBuildFile; fileRef = 67F56107198A872600434B9D /* jcb.png */; };
		67F5612F198A872600434B9D /* jcb@2x.png in Resources */ = {isa = PBXBuildFile; fileRef = 67F56108198A872600434B9D /* jcb@2x.png */; };
		67F56130198A872600434B9D /* mastercard.png in Resources */ = {isa = PBXBuildFile; fileRef = 67F56109198A872600434B9D /* mastercard.png */; };
		67F56131198A872600434B9D /* mastercard@2x.png in Resources */ = {isa = PBXBuildFile; fileRef = 67F5610A198A872600434B9D /* mastercard@2x.png */; };
		67F56132198A872600434B9D /* MPKMessagesDefaultDesign.json in Resources */ = {isa = PBXBuildFile; fileRef = 67F5610B198A872600434B9D /* MPKMessagesDefaultDesign.json */; };
		67F56133198A872600434B9D /* NotificationBackgroundError.png in Resources */ = {isa = PBXBuildFile; fileRef = 67F5610C198A872600434B9D /* NotificationBackgroundError.png */; };
		67F56134198A872600434B9D /* NotificationBackgroundError@2x.png in Resources */ = {isa = PBXBuildFile; fileRef = 67F5610D198A872600434B9D /* NotificationBackgroundError@2x.png */; };
		67F56135198A872600434B9D /* NotificationBackgroundErrorIcon.png in Resources */ = {isa = PBXBuildFile; fileRef = 67F5610E198A872600434B9D /* NotificationBackgroundErrorIcon.png */; };
		67F56136198A872600434B9D /* NotificationBackgroundErrorIcon@2x.png in Resources */ = {isa = PBXBuildFile; fileRef = 67F5610F198A872600434B9D /* NotificationBackgroundErrorIcon@2x.png */; };
		67F56137198A872600434B9D /* NotificationBackgroundMessage.png in Resources */ = {isa = PBXBuildFile; fileRef = 67F56110198A872600434B9D /* NotificationBackgroundMessage.png */; };
		67F56138198A872600434B9D /* NotificationBackgroundMessage@2x.png in Resources */ = {isa = PBXBuildFile; fileRef = 67F56111198A872600434B9D /* NotificationBackgroundMessage@2x.png */; };
		67F56139198A872600434B9D /* NotificationBackgroundSuccess.png in Resources */ = {isa = PBXBuildFile; fileRef = 67F56112198A872600434B9D /* NotificationBackgroundSuccess.png */; };
		67F5613A198A872600434B9D /* NotificationBackgroundSuccess@2x.png in Resources */ = {isa = PBXBuildFile; fileRef = 67F56113198A872600434B9D /* NotificationBackgroundSuccess@2x.png */; };
		67F5613B198A872600434B9D /* NotificationBackgroundSuccessIcon.png in Resources */ = {isa = PBXBuildFile; fileRef = 67F56114198A872600434B9D /* NotificationBackgroundSuccessIcon.png */; };
		67F5613C198A872600434B9D /* NotificationBackgroundSuccessIcon@2x.png in Resources */ = {isa = PBXBuildFile; fileRef = 67F56115198A872600434B9D /* NotificationBackgroundSuccessIcon@2x.png */; };
		67F5613D198A872600434B9D /* NotificationBackgroundWarning.png in Resources */ = {isa = PBXBuildFile; fileRef = 67F56116198A872600434B9D /* NotificationBackgroundWarning.png */; };
		67F5613E198A872600434B9D /* NotificationBackgroundWarning@2x.png in Resources */ = {isa = PBXBuildFile; fileRef = 67F56117198A872600434B9D /* NotificationBackgroundWarning@2x.png */; };
		67F5613F198A872600434B9D /* NotificationBackgroundWarningIcon.png in Resources */ = {isa = PBXBuildFile; fileRef = 67F56118198A872600434B9D /* NotificationBackgroundWarningIcon.png */; };
		67F56140198A872600434B9D /* NotificationBackgroundWarningIcon@2x.png in Resources */ = {isa = PBXBuildFile; fileRef = 67F56119198A872600434B9D /* NotificationBackgroundWarningIcon@2x.png */; };
		67F56141198A872600434B9D /* NotificationButtonBackground.png in Resources */ = {isa = PBXBuildFile; fileRef = 67F5611A198A872600434B9D /* NotificationButtonBackground.png */; };
		67F56142198A872600434B9D /* NotificationButtonBackground@2x.png in Resources */ = {isa = PBXBuildFile; fileRef = 67F5611B198A872600434B9D /* NotificationButtonBackground@2x.png */; };
		67F56143198A872600434B9D /* placeholder.png in Resources */ = {isa = PBXBuildFile; fileRef = 67F5611C198A872600434B9D /* placeholder.png */; };
		67F56144198A872600434B9D /* placeholder@2x.png in Resources */ = {isa = PBXBuildFile; fileRef = 67F5611D198A872600434B9D /* placeholder@2x.png */; };
		67F56145198A872600434B9D /* textfield.png in Resources */ = {isa = PBXBuildFile; fileRef = 67F5611E198A872600434B9D /* textfield.png */; };
		67F56146198A872600434B9D /* textfield@2x.png in Resources */ = {isa = PBXBuildFile; fileRef = 67F5611F198A872600434B9D /* textfield@2x.png */; };
		67F56147198A872600434B9D /* visa.png in Resources */ = {isa = PBXBuildFile; fileRef = 67F56120198A872600434B9D /* visa.png */; };
		67F56148198A872600434B9D /* visa@2x.png in Resources */ = {isa = PBXBuildFile; fileRef = 67F56121198A872600434B9D /* visa@2x.png */; };
		67F5614A198A8FE400434B9D /* pk.txt in Resources */ = {isa = PBXBuildFile; fileRef = 67F56149198A8FE400434B9D /* pk.txt */; };
/* End PBXBuildFile section */

/* Begin PBXContainerItemProxy section */
		67F560D0198A680900434B9D /* PBXContainerItemProxy */ = {
			isa = PBXContainerItemProxy;
			containerPortal = 67F560A2198A680900434B9D /* Project object */;
			proxyType = 1;
			remoteGlobalIDString = 67F560A9198A680900434B9D;
			remoteInfo = "Moip Store";
		};
/* End PBXContainerItemProxy section */

/* Begin PBXFileReference section */
		6741F31A19924FDD000E9F7A /* MBProgressHUD.h */ = {isa = PBXFileReference; fileEncoding = 4; lastKnownFileType = sourcecode.c.h; path = MBProgressHUD.h; sourceTree = "<group>"; };
		6741F31B19924FDD000E9F7A /* MBProgressHUD.m */ = {isa = PBXFileReference; fileEncoding = 4; lastKnownFileType = sourcecode.c.objc; path = MBProgressHUD.m; sourceTree = "<group>"; };
		67F560AA198A680900434B9D /* Brigadeiro.app */ = {isa = PBXFileReference; explicitFileType = wrapper.application; includeInIndex = 0; path = Brigadeiro.app; sourceTree = BUILT_PRODUCTS_DIR; };
		67F560AD198A680900434B9D /* Foundation.framework */ = {isa = PBXFileReference; lastKnownFileType = wrapper.framework; name = Foundation.framework; path = System/Library/Frameworks/Foundation.framework; sourceTree = SDKROOT; };
		67F560AF198A680900434B9D /* CoreGraphics.framework */ = {isa = PBXFileReference; lastKnownFileType = wrapper.framework; name = CoreGraphics.framework; path = System/Library/Frameworks/CoreGraphics.framework; sourceTree = SDKROOT; };
		67F560B1198A680900434B9D /* UIKit.framework */ = {isa = PBXFileReference; lastKnownFileType = wrapper.framework; name = UIKit.framework; path = System/Library/Frameworks/UIKit.framework; sourceTree = SDKROOT; };
		67F560B5198A680900434B9D /* Moip Store-Info.plist */ = {isa = PBXFileReference; lastKnownFileType = text.plist.xml; path = "Moip Store-Info.plist"; sourceTree = "<group>"; };
		67F560B7198A680900434B9D /* en */ = {isa = PBXFileReference; lastKnownFileType = text.plist.strings; name = en; path = en.lproj/InfoPlist.strings; sourceTree = "<group>"; };
		67F560B9198A680900434B9D /* main.m */ = {isa = PBXFileReference; lastKnownFileType = sourcecode.c.objc; path = main.m; sourceTree = "<group>"; };
		67F560BB198A680900434B9D /* Moip Store-Prefix.pch */ = {isa = PBXFileReference; lastKnownFileType = sourcecode.c.h; path = "Moip Store-Prefix.pch"; sourceTree = "<group>"; };
		67F560BC198A680900434B9D /* AppDelegate.h */ = {isa = PBXFileReference; lastKnownFileType = sourcecode.c.h; path = AppDelegate.h; sourceTree = "<group>"; };
		67F560BD198A680900434B9D /* AppDelegate.m */ = {isa = PBXFileReference; lastKnownFileType = sourcecode.c.objc; path = AppDelegate.m; sourceTree = "<group>"; };
		67F560C0198A680900434B9D /* Base */ = {isa = PBXFileReference; lastKnownFileType = file.storyboard; name = Base; path = Base.lproj/Main.storyboard; sourceTree = "<group>"; };
		67F560C5198A680900434B9D /* Images.xcassets */ = {isa = PBXFileReference; lastKnownFileType = folder.assetcatalog; path = Images.xcassets; sourceTree = "<group>"; };
		67F560CB198A680900434B9D /* Moip StoreTests.xctest */ = {isa = PBXFileReference; explicitFileType = wrapper.cfbundle; includeInIndex = 0; path = "Moip StoreTests.xctest"; sourceTree = BUILT_PRODUCTS_DIR; };
		67F560CC198A680900434B9D /* XCTest.framework */ = {isa = PBXFileReference; lastKnownFileType = wrapper.framework; name = XCTest.framework; path = Library/Frameworks/XCTest.framework; sourceTree = DEVELOPER_DIR; };
		67F560D4198A680900434B9D /* Moip StoreTests-Info.plist */ = {isa = PBXFileReference; lastKnownFileType = text.plist.xml; path = "Moip StoreTests-Info.plist"; sourceTree = "<group>"; };
		67F560D6198A680900434B9D /* en */ = {isa = PBXFileReference; lastKnownFileType = text.plist.strings; name = en; path = en.lproj/InfoPlist.strings; sourceTree = "<group>"; };
		67F560D8198A680900434B9D /* Moip_StoreTests.m */ = {isa = PBXFileReference; lastKnownFileType = sourcecode.c.objc; path = Moip_StoreTests.m; sourceTree = "<group>"; };
		67F560E5198A683A00434B9D /* ProductsViewController.h */ = {isa = PBXFileReference; fileEncoding = 4; lastKnownFileType = sourcecode.c.h; name = ProductsViewController.h; path = Controllers/ProductsViewController.h; sourceTree = "<group>"; };
		67F560E6198A683A00434B9D /* ProductsViewController.m */ = {isa = PBXFileReference; fileEncoding = 4; lastKnownFileType = sourcecode.c.objc; name = ProductsViewController.m; path = Controllers/ProductsViewController.m; sourceTree = "<group>"; };
		67F560E8198A68A500434B9D /* Product.h */ = {isa = PBXFileReference; fileEncoding = 4; lastKnownFileType = sourcecode.c.h; name = Product.h; path = Model/Product.h; sourceTree = "<group>"; };
		67F560E9198A68A500434B9D /* Product.m */ = {isa = PBXFileReference; fileEncoding = 4; lastKnownFileType = sourcecode.c.objc; name = Product.m; path = Model/Product.m; sourceTree = "<group>"; };
		67F560EB198A68CD00434B9D /* Products.json */ = {isa = PBXFileReference; fileEncoding = 4; lastKnownFileType = text.json; path = Products.json; sourceTree = "<group>"; };
		67F560ED198A6C7100434B9D /* ProducstCell.h */ = {isa = PBXFileReference; fileEncoding = 4; lastKnownFileType = sourcecode.c.h; name = ProducstCell.h; path = Views/ProducstCell.h; sourceTree = "<group>"; };
		67F560EE198A6C7100434B9D /* ProducstCell.m */ = {isa = PBXFileReference; fileEncoding = 4; lastKnownFileType = sourcecode.c.objc; name = ProducstCell.m; path = Views/ProducstCell.m; sourceTree = "<group>"; };
		67F560F0198A6E0B00434B9D /* QuartzCore.framework */ = {isa = PBXFileReference; lastKnownFileType = wrapper.framework; name = QuartzCore.framework; path = System/Library/Frameworks/QuartzCore.framework; sourceTree = SDKROOT; };
		67F560F3198A73BF00434B9D /* Utilities.h */ = {isa = PBXFileReference; fileEncoding = 4; lastKnownFileType = sourcecode.c.h; name = Utilities.h; path = Utils/Utilities.h; sourceTree = "<group>"; };
		67F560F4198A73BF00434B9D /* Utilities.m */ = {isa = PBXFileReference; fileEncoding = 4; lastKnownFileType = sourcecode.c.objc; name = Utilities.m; path = Utils/Utilities.m; sourceTree = "<group>"; };
		67F560F6198A75B800434B9D /* OrderViewController.h */ = {isa = PBXFileReference; fileEncoding = 4; lastKnownFileType = sourcecode.c.h; name = OrderViewController.h; path = Controllers/OrderViewController.h; sourceTree = "<group>"; };
		67F560F7198A75B800434B9D /* OrderViewController.m */ = {isa = PBXFileReference; fileEncoding = 4; lastKnownFileType = sourcecode.c.objc; name = OrderViewController.m; path = Controllers/OrderViewController.m; sourceTree = "<group>"; };
		67F560FA198A872600434B9D /* MoipSDK.framework */ = {isa = PBXFileReference; lastKnownFileType = wrapper.framework; path = MoipSDK.framework; sourceTree = "<group>"; };
		67F560FC198A872600434B9D /* amex.png */ = {isa = PBXFileReference; lastKnownFileType = image.png; path = amex.png; sourceTree = "<group>"; };
		67F560FD198A872600434B9D /* amex@2x.png */ = {isa = PBXFileReference; lastKnownFileType = image.png; path = "amex@2x.png"; sourceTree = "<group>"; };
		67F560FE198A872600434B9D /* cvc-amex.png */ = {isa = PBXFileReference; lastKnownFileType = image.png; path = "cvc-amex.png"; sourceTree = "<group>"; };
		67F560FF198A872600434B9D /* cvc-amex@2x.png */ = {isa = PBXFileReference; lastKnownFileType = image.png; path = "cvc-amex@2x.png"; sourceTree = "<group>"; };
		67F56100198A872600434B9D /* cvc.png */ = {isa = PBXFileReference; lastKnownFileType = image.png; path = cvc.png; sourceTree = "<group>"; };
		67F56101198A872600434B9D /* cvc@2x.png */ = {isa = PBXFileReference; lastKnownFileType = image.png; path = "cvc@2x.png"; sourceTree = "<group>"; };
		67F56102198A872600434B9D /* diners.png */ = {isa = PBXFileReference; lastKnownFileType = image.png; path = diners.png; sourceTree = "<group>"; };
		67F56103198A872600434B9D /* diners@2x.png */ = {isa = PBXFileReference; lastKnownFileType = image.png; path = "diners@2x.png"; sourceTree = "<group>"; };
		67F56104198A872600434B9D /* discover.png */ = {isa = PBXFileReference; lastKnownFileType = image.png; path = discover.png; sourceTree = "<group>"; };
		67F56105198A872600434B9D /* discover@2x.png */ = {isa = PBXFileReference; lastKnownFileType = image.png; path = "discover@2x.png"; sourceTree = "<group>"; };
		67F56106198A872600434B9D /* gradient@2x.png */ = {isa = PBXFileReference; lastKnownFileType = image.png; path = "gradient@2x.png"; sourceTree = "<group>"; };
		67F56107198A872600434B9D /* jcb.png */ = {isa = PBXFileReference; lastKnownFileType = image.png; path = jcb.png; sourceTree = "<group>"; };
		67F56108198A872600434B9D /* jcb@2x.png */ = {isa = PBXFileReference; lastKnownFileType = image.png; path = "jcb@2x.png"; sourceTree = "<group>"; };
		67F56109198A872600434B9D /* mastercard.png */ = {isa = PBXFileReference; lastKnownFileType = image.png; path = mastercard.png; sourceTree = "<group>"; };
		67F5610A198A872600434B9D /* mastercard@2x.png */ = {isa = PBXFileReference; lastKnownFileType = image.png; path = "mastercard@2x.png"; sourceTree = "<group>"; };
		67F5610B198A872600434B9D /* MPKMessagesDefaultDesign.json */ = {isa = PBXFileReference; fileEncoding = 4; lastKnownFileType = text.json; path = MPKMessagesDefaultDesign.json; sourceTree = "<group>"; };
		67F5610C198A872600434B9D /* NotificationBackgroundError.png */ = {isa = PBXFileReference; lastKnownFileType = image.png; path = NotificationBackgroundError.png; sourceTree = "<group>"; };
		67F5610D198A872600434B9D /* NotificationBackgroundError@2x.png */ = {isa = PBXFileReference; lastKnownFileType = image.png; path = "NotificationBackgroundError@2x.png"; sourceTree = "<group>"; };
		67F5610E198A872600434B9D /* NotificationBackgroundErrorIcon.png */ = {isa = PBXFileReference; lastKnownFileType = image.png; path = NotificationBackgroundErrorIcon.png; sourceTree = "<group>"; };
		67F5610F198A872600434B9D /* NotificationBackgroundErrorIcon@2x.png */ = {isa = PBXFileReference; lastKnownFileType = image.png; path = "NotificationBackgroundErrorIcon@2x.png"; sourceTree = "<group>"; };
		67F56110198A872600434B9D /* NotificationBackgroundMessage.png */ = {isa = PBXFileReference; lastKnownFileType = image.png; path = NotificationBackgroundMessage.png; sourceTree = "<group>"; };
		67F56111198A872600434B9D /* NotificationBackgroundMessage@2x.png */ = {isa = PBXFileReference; lastKnownFileType = image.png; path = "NotificationBackgroundMessage@2x.png"; sourceTree = "<group>"; };
		67F56112198A872600434B9D /* NotificationBackgroundSuccess.png */ = {isa = PBXFileReference; lastKnownFileType = image.png; path = NotificationBackgroundSuccess.png; sourceTree = "<group>"; };
		67F56113198A872600434B9D /* NotificationBackgroundSuccess@2x.png */ = {isa = PBXFileReference; lastKnownFileType = image.png; path = "NotificationBackgroundSuccess@2x.png"; sourceTree = "<group>"; };
		67F56114198A872600434B9D /* NotificationBackgroundSuccessIcon.png */ = {isa = PBXFileReference; lastKnownFileType = image.png; path = NotificationBackgroundSuccessIcon.png; sourceTree = "<group>"; };
		67F56115198A872600434B9D /* NotificationBackgroundSuccessIcon@2x.png */ = {isa = PBXFileReference; lastKnownFileType = image.png; path = "NotificationBackgroundSuccessIcon@2x.png"; sourceTree = "<group>"; };
		67F56116198A872600434B9D /* NotificationBackgroundWarning.png */ = {isa = PBXFileReference; lastKnownFileType = image.png; path = NotificationBackgroundWarning.png; sourceTree = "<group>"; };
		67F56117198A872600434B9D /* NotificationBackgroundWarning@2x.png */ = {isa = PBXFileReference; lastKnownFileType = image.png; path = "NotificationBackgroundWarning@2x.png"; sourceTree = "<group>"; };
		67F56118198A872600434B9D /* NotificationBackgroundWarningIcon.png */ = {isa = PBXFileReference; lastKnownFileType = image.png; path = NotificationBackgroundWarningIcon.png; sourceTree = "<group>"; };
		67F56119198A872600434B9D /* NotificationBackgroundWarningIcon@2x.png */ = {isa = PBXFileReference; lastKnownFileType = image.png; path = "NotificationBackgroundWarningIcon@2x.png"; sourceTree = "<group>"; };
		67F5611A198A872600434B9D /* NotificationButtonBackground.png */ = {isa = PBXFileReference; lastKnownFileType = image.png; path = NotificationButtonBackground.png; sourceTree = "<group>"; };
		67F5611B198A872600434B9D /* NotificationButtonBackground@2x.png */ = {isa = PBXFileReference; lastKnownFileType = image.png; path = "NotificationButtonBackground@2x.png"; sourceTree = "<group>"; };
		67F5611C198A872600434B9D /* placeholder.png */ = {isa = PBXFileReference; lastKnownFileType = image.png; path = placeholder.png; sourceTree = "<group>"; };
		67F5611D198A872600434B9D /* placeholder@2x.png */ = {isa = PBXFileReference; lastKnownFileType = image.png; path = "placeholder@2x.png"; sourceTree = "<group>"; };
		67F5611E198A872600434B9D /* textfield.png */ = {isa = PBXFileReference; lastKnownFileType = image.png; path = textfield.png; sourceTree = "<group>"; };
		67F5611F198A872600434B9D /* textfield@2x.png */ = {isa = PBXFileReference; lastKnownFileType = image.png; path = "textfield@2x.png"; sourceTree = "<group>"; };
		67F56120198A872600434B9D /* visa.png */ = {isa = PBXFileReference; lastKnownFileType = image.png; path = visa.png; sourceTree = "<group>"; };
		67F56121198A872600434B9D /* visa@2x.png */ = {isa = PBXFileReference; lastKnownFileType = image.png; path = "visa@2x.png"; sourceTree = "<group>"; };
		67F56149198A8FE400434B9D /* pk.txt */ = {isa = PBXFileReference; fileEncoding = 4; lastKnownFileType = text; path = pk.txt; sourceTree = "<group>"; };
/* End PBXFileReference section */

/* Begin PBXFrameworksBuildPhase section */
		67F560A7198A680900434B9D /* Frameworks */ = {
			isa = PBXFrameworksBuildPhase;
			buildActionMask = 2147483647;
			files = (
				67F560F1198A6E0B00434B9D /* QuartzCore.framework in Frameworks */,
				67F560B0198A680900434B9D /* CoreGraphics.framework in Frameworks */,
				67F560B2198A680900434B9D /* UIKit.framework in Frameworks */,
				67F560AE198A680900434B9D /* Foundation.framework in Frameworks */,
				67F56122198A872600434B9D /* MoipSDK.framework in Frameworks */,
			);
			runOnlyForDeploymentPostprocessing = 0;
		};
		67F560C8198A680900434B9D /* Frameworks */ = {
			isa = PBXFrameworksBuildPhase;
			buildActionMask = 2147483647;
			files = (
				67F560CD198A680900434B9D /* XCTest.framework in Frameworks */,
				67F560CF198A680900434B9D /* UIKit.framework in Frameworks */,
				67F560CE198A680900434B9D /* Foundation.framework in Frameworks */,
			);
			runOnlyForDeploymentPostprocessing = 0;
		};
/* End PBXFrameworksBuildPhase section */

/* Begin PBXGroup section */
		6741F31819924FDD000E9F7A /* Libs */ = {
			isa = PBXGroup;
			children = (
				6741F31919924FDD000E9F7A /* MBProgressHUD */,
			);
			path = Libs;
			sourceTree = "<group>";
		};
		6741F31919924FDD000E9F7A /* MBProgressHUD */ = {
			isa = PBXGroup;
			children = (
				6741F31A19924FDD000E9F7A /* MBProgressHUD.h */,
				6741F31B19924FDD000E9F7A /* MBProgressHUD.m */,
			);
			path = MBProgressHUD;
			sourceTree = "<group>";
		};
		67F560A1198A680900434B9D = {
			isa = PBXGroup;
			children = (
				67F560B3198A680900434B9D /* Moip Store */,
				67F560D2198A680900434B9D /* Moip StoreTests */,
				67F560AC198A680900434B9D /* Frameworks */,
				67F560AB198A680900434B9D /* Products */,
			);
			sourceTree = "<group>";
		};
		67F560AB198A680900434B9D /* Products */ = {
			isa = PBXGroup;
			children = (
				67F560AA198A680900434B9D /* Brigadeiro.app */,
				67F560CB198A680900434B9D /* Moip StoreTests.xctest */,
			);
			name = Products;
			sourceTree = "<group>";
		};
		67F560AC198A680900434B9D /* Frameworks */ = {
			isa = PBXGroup;
			children = (
				67F560F9198A872600434B9D /* MoipSDK.embeddedframework */,
				67F560F0198A6E0B00434B9D /* QuartzCore.framework */,
				67F560AD198A680900434B9D /* Foundation.framework */,
				67F560AF198A680900434B9D /* CoreGraphics.framework */,
				67F560B1198A680900434B9D /* UIKit.framework */,
				67F560CC198A680900434B9D /* XCTest.framework */,
			);
			name = Frameworks;
			sourceTree = "<group>";
		};
		67F560B3198A680900434B9D /* Moip Store */ = {
			isa = PBXGroup;
			children = (
				6741F31819924FDD000E9F7A /* Libs */,
				67F560F2198A73AE00434B9D /* Utils */,
				67F560E3198A681400434B9D /* Model */,
				67F560E2198A680F00434B9D /* Controllers */,
				67F560E4198A681D00434B9D /* Views */,
				67F560BC198A680900434B9D /* AppDelegate.h */,
				67F560BD198A680900434B9D /* AppDelegate.m */,
				67F560C5198A680900434B9D /* Images.xcassets */,
				67F560B4198A680900434B9D /* Supporting Files */,
			);
			path = "Moip Store";
			sourceTree = "<group>";
		};
		67F560B4198A680900434B9D /* Supporting Files */ = {
			isa = PBXGroup;
			children = (
				67F56149198A8FE400434B9D /* pk.txt */,
				67F560EB198A68CD00434B9D /* Products.json */,
				67F560B5198A680900434B9D /* Moip Store-Info.plist */,
				67F560B6198A680900434B9D /* InfoPlist.strings */,
				67F560B9198A680900434B9D /* main.m */,
				67F560BB198A680900434B9D /* Moip Store-Prefix.pch */,
			);
			name = "Supporting Files";
			sourceTree = "<group>";
		};
		67F560D2198A680900434B9D /* Moip StoreTests */ = {
			isa = PBXGroup;
			children = (
				67F560D8198A680900434B9D /* Moip_StoreTests.m */,
				67F560D3198A680900434B9D /* Supporting Files */,
			);
			path = "Moip StoreTests";
			sourceTree = "<group>";
		};
		67F560D3198A680900434B9D /* Supporting Files */ = {
			isa = PBXGroup;
			children = (
				67F560D4198A680900434B9D /* Moip StoreTests-Info.plist */,
				67F560D5198A680900434B9D /* InfoPlist.strings */,
			);
			name = "Supporting Files";
			sourceTree = "<group>";
		};
		67F560E2198A680F00434B9D /* Controllers */ = {
			isa = PBXGroup;
			children = (
				67F560E5198A683A00434B9D /* ProductsViewController.h */,
				67F560E6198A683A00434B9D /* ProductsViewController.m */,
				67F560F6198A75B800434B9D /* OrderViewController.h */,
				67F560F7198A75B800434B9D /* OrderViewController.m */,
			);
			name = Controllers;
			sourceTree = "<group>";
		};
		67F560E3198A681400434B9D /* Model */ = {
			isa = PBXGroup;
			children = (
				67F560E8198A68A500434B9D /* Product.h */,
				67F560E9198A68A500434B9D /* Product.m */,
			);
			name = Model;
			sourceTree = "<group>";
		};
		67F560E4198A681D00434B9D /* Views */ = {
			isa = PBXGroup;
			children = (
				67F560BF198A680900434B9D /* Main.storyboard */,
				67F560ED198A6C7100434B9D /* ProducstCell.h */,
				67F560EE198A6C7100434B9D /* ProducstCell.m */,
			);
			name = Views;
			sourceTree = "<group>";
		};
		67F560F2198A73AE00434B9D /* Utils */ = {
			isa = PBXGroup;
			children = (
				67F560F3198A73BF00434B9D /* Utilities.h */,
				67F560F4198A73BF00434B9D /* Utilities.m */,
			);
			name = Utils;
			sourceTree = "<group>";
		};
		67F560F9198A872600434B9D /* MoipSDK.embeddedframework */ = {
			isa = PBXGroup;
			children = (
				67F560FA198A872600434B9D /* MoipSDK.framework */,
				67F560FB198A872600434B9D /* Resources */,
			);
			path = MoipSDK.embeddedframework;
			sourceTree = "<group>";
		};
		67F560FB198A872600434B9D /* Resources */ = {
			isa = PBXGroup;
			children = (
				67F560FC198A872600434B9D /* amex.png */,
				67F560FD198A872600434B9D /* amex@2x.png */,
				67F560FE198A872600434B9D /* cvc-amex.png */,
				67F560FF198A872600434B9D /* cvc-amex@2x.png */,
				67F56100198A872600434B9D /* cvc.png */,
				67F56101198A872600434B9D /* cvc@2x.png */,
				67F56102198A872600434B9D /* diners.png */,
				67F56103198A872600434B9D /* diners@2x.png */,
				67F56104198A872600434B9D /* discover.png */,
				67F56105198A872600434B9D /* discover@2x.png */,
				67F56106198A872600434B9D /* gradient@2x.png */,
				67F56107198A872600434B9D /* jcb.png */,
				67F56108198A872600434B9D /* jcb@2x.png */,
				67F56109198A872600434B9D /* mastercard.png */,
				67F5610A198A872600434B9D /* mastercard@2x.png */,
				67F5610B198A872600434B9D /* MPKMessagesDefaultDesign.json */,
				67F5610C198A872600434B9D /* NotificationBackgroundError.png */,
				67F5610D198A872600434B9D /* NotificationBackgroundError@2x.png */,
				67F5610E198A872600434B9D /* NotificationBackgroundErrorIcon.png */,
				67F5610F198A872600434B9D /* NotificationBackgroundErrorIcon@2x.png */,
				67F56110198A872600434B9D /* NotificationBackgroundMessage.png */,
				67F56111198A872600434B9D /* NotificationBackgroundMessage@2x.png */,
				67F56112198A872600434B9D /* NotificationBackgroundSuccess.png */,
				67F56113198A872600434B9D /* NotificationBackgroundSuccess@2x.png */,
				67F56114198A872600434B9D /* NotificationBackgroundSuccessIcon.png */,
				67F56115198A872600434B9D /* NotificationBackgroundSuccessIcon@2x.png */,
				67F56116198A872600434B9D /* NotificationBackgroundWarning.png */,
				67F56117198A872600434B9D /* NotificationBackgroundWarning@2x.png */,
				67F56118198A872600434B9D /* NotificationBackgroundWarningIcon.png */,
				67F56119198A872600434B9D /* NotificationBackgroundWarningIcon@2x.png */,
				67F5611A198A872600434B9D /* NotificationButtonBackground.png */,
				67F5611B198A872600434B9D /* NotificationButtonBackground@2x.png */,
				67F5611C198A872600434B9D /* placeholder.png */,
				67F5611D198A872600434B9D /* placeholder@2x.png */,
				67F5611E198A872600434B9D /* textfield.png */,
				67F5611F198A872600434B9D /* textfield@2x.png */,
				67F56120198A872600434B9D /* visa.png */,
				67F56121198A872600434B9D /* visa@2x.png */,
			);
			path = Resources;
			sourceTree = "<group>";
		};
/* End PBXGroup section */

/* Begin PBXNativeTarget section */
		67F560A9198A680900434B9D /* Moip Store */ = {
			isa = PBXNativeTarget;
			buildConfigurationList = 67F560DC198A680900434B9D /* Build configuration list for PBXNativeTarget "Moip Store" */;
			buildPhases = (
				67F560A6198A680900434B9D /* Sources */,
				67F560A7198A680900434B9D /* Frameworks */,
				67F560A8198A680900434B9D /* Resources */,
			);
			buildRules = (
			);
			dependencies = (
			);
			name = "Moip Store";
			productName = "Moip Store";
			productReference = 67F560AA198A680900434B9D /* Brigadeiro.app */;
			productType = "com.apple.product-type.application";
		};
		67F560CA198A680900434B9D /* Moip StoreTests */ = {
			isa = PBXNativeTarget;
			buildConfigurationList = 67F560DF198A680900434B9D /* Build configuration list for PBXNativeTarget "Moip StoreTests" */;
			buildPhases = (
				67F560C7198A680900434B9D /* Sources */,
				67F560C8198A680900434B9D /* Frameworks */,
				67F560C9198A680900434B9D /* Resources */,
			);
			buildRules = (
			);
			dependencies = (
				67F560D1198A680900434B9D /* PBXTargetDependency */,
			);
			name = "Moip StoreTests";
			productName = "Moip StoreTests";
			productReference = 67F560CB198A680900434B9D /* Moip StoreTests.xctest */;
			productType = "com.apple.product-type.bundle.unit-test";
		};
/* End PBXNativeTarget section */

/* Begin PBXProject section */
		67F560A2198A680900434B9D /* Project object */ = {
			isa = PBXProject;
			attributes = {
				LastUpgradeCheck = 0510;
				ORGANIZATIONNAME = "Moip Pagamentos S.A.";
				TargetAttributes = {
					67F560CA198A680900434B9D = {
						TestTargetID = 67F560A9198A680900434B9D;
					};
				};
			};
			buildConfigurationList = 67F560A5198A680900434B9D /* Build configuration list for PBXProject "Moip Store" */;
			compatibilityVersion = "Xcode 3.2";
			developmentRegion = English;
			hasScannedForEncodings = 0;
			knownRegions = (
				en,
				Base,
			);
			mainGroup = 67F560A1198A680900434B9D;
			productRefGroup = 67F560AB198A680900434B9D /* Products */;
			projectDirPath = "";
			projectRoot = "";
			targets = (
				67F560A9198A680900434B9D /* Moip Store */,
				67F560CA198A680900434B9D /* Moip StoreTests */,
			);
		};
/* End PBXProject section */

/* Begin PBXResourcesBuildPhase section */
		67F560A8198A680900434B9D /* Resources */ = {
			isa = PBXResourcesBuildPhase;
			buildActionMask = 2147483647;
			files = (
				67F56134198A872600434B9D /* NotificationBackgroundError@2x.png in Resources */,
				67F56126198A872600434B9D /* cvc-amex@2x.png in Resources */,
				67F56128198A872600434B9D /* cvc@2x.png in Resources */,
				67F56137198A872600434B9D /* NotificationBackgroundMessage.png in Resources */,
				67F56125198A872600434B9D /* cvc-amex.png in Resources */,
				67F56148198A872600434B9D /* visa@2x.png in Resources */,
				67F5613D198A872600434B9D /* NotificationBackgroundWarning.png in Resources */,
				67F5614A198A8FE400434B9D /* pk.txt in Resources */,
				67F56135198A872600434B9D /* NotificationBackgroundErrorIcon.png in Resources */,
				67F5612A198A872600434B9D /* diners@2x.png in Resources */,
				67F5612B198A872600434B9D /* discover.png in Resources */,
				67F5612D198A872600434B9D /* gradient@2x.png in Resources */,
				67F5612C198A872600434B9D /* discover@2x.png in Resources */,
				67F56129198A872600434B9D /* diners.png in Resources */,
				67F56138198A872600434B9D /* NotificationBackgroundMessage@2x.png in Resources */,
				67F56139198A872600434B9D /* NotificationBackgroundSuccess.png in Resources */,
				67F56146198A872600434B9D /* textfield@2x.png in Resources */,
				67F56132198A872600434B9D /* MPKMessagesDefaultDesign.json in Resources */,
				67F5613F198A872600434B9D /* NotificationBackgroundWarningIcon.png in Resources */,
				67F5613C198A872600434B9D /* NotificationBackgroundSuccessIcon@2x.png in Resources */,
				67F56141198A872600434B9D /* NotificationButtonBackground.png in Resources */,
				67F560C6198A680900434B9D /* Images.xcassets in Resources */,
				67F5612E198A872600434B9D /* jcb.png in Resources */,
				67F56127198A872600434B9D /* cvc.png in Resources */,
				67F5613A198A872600434B9D /* NotificationBackgroundSuccess@2x.png in Resources */,
				67F56133198A872600434B9D /* NotificationBackgroundError.png in Resources */,
				67F56142198A872600434B9D /* NotificationButtonBackground@2x.png in Resources */,
				67F56124198A872600434B9D /* amex@2x.png in Resources */,
				67F5612F198A872600434B9D /* jcb@2x.png in Resources */,
				67F56144198A872600434B9D /* placeholder@2x.png in Resources */,
				67F56123198A872600434B9D /* amex.png in Resources */,
				67F560EC198A68CD00434B9D /* Products.json in Resources */,
				67F5613B198A872600434B9D /* NotificationBackgroundSuccessIcon.png in Resources */,
				67F56130198A872600434B9D /* mastercard.png in Resources */,
				67F56131198A872600434B9D /* mastercard@2x.png in Resources */,
				67F56140198A872600434B9D /* NotificationBackgroundWarningIcon@2x.png in Resources */,
				67F56136198A872600434B9D /* NotificationBackgroundErrorIcon@2x.png in Resources */,
				67F560B8198A680900434B9D /* InfoPlist.strings in Resources */,
				67F56143198A872600434B9D /* placeholder.png in Resources */,
				67F5613E198A872600434B9D /* NotificationBackgroundWarning@2x.png in Resources */,
				67F56147198A872600434B9D /* visa.png in Resources */,
				67F56145198A872600434B9D /* textfield.png in Resources */,
				67F560C1198A680900434B9D /* Main.storyboard in Resources */,
			);
			runOnlyForDeploymentPostprocessing = 0;
		};
		67F560C9198A680900434B9D /* Resources */ = {
			isa = PBXResourcesBuildPhase;
			buildActionMask = 2147483647;
			files = (
				67F560D7198A680900434B9D /* InfoPlist.strings in Resources */,
			);
			runOnlyForDeploymentPostprocessing = 0;
		};
/* End PBXResourcesBuildPhase section */

/* Begin PBXSourcesBuildPhase section */
		67F560A6198A680900434B9D /* Sources */ = {
			isa = PBXSourcesBuildPhase;
			buildActionMask = 2147483647;
			files = (
				67F560F5198A73BF00434B9D /* Utilities.m in Sources */,
				67F560BE198A680900434B9D /* AppDelegate.m in Sources */,
				67F560EA198A68A500434B9D /* Product.m in Sources */,
				67F560E7198A683A00434B9D /* ProductsViewController.m in Sources */,
				67F560F8198A75B800434B9D /* OrderViewController.m in Sources */,
				67F560EF198A6C7100434B9D /* ProducstCell.m in Sources */,
				67F560BA198A680900434B9D /* main.m in Sources */,
				6741F31C19924FDD000E9F7A /* MBProgressHUD.m in Sources */,
			);
			runOnlyForDeploymentPostprocessing = 0;
		};
		67F560C7198A680900434B9D /* Sources */ = {
			isa = PBXSourcesBuildPhase;
			buildActionMask = 2147483647;
			files = (
				67F560D9198A680900434B9D /* Moip_StoreTests.m in Sources */,
			);
			runOnlyForDeploymentPostprocessing = 0;
		};
/* End PBXSourcesBuildPhase section */

/* Begin PBXTargetDependency section */
		67F560D1198A680900434B9D /* PBXTargetDependency */ = {
			isa = PBXTargetDependency;
			target = 67F560A9198A680900434B9D /* Moip Store */;
			targetProxy = 67F560D0198A680900434B9D /* PBXContainerItemProxy */;
		};
/* End PBXTargetDependency section */

/* Begin PBXVariantGroup section */
		67F560B6198A680900434B9D /* InfoPlist.strings */ = {
			isa = PBXVariantGroup;
			children = (
				67F560B7198A680900434B9D /* en */,
			);
			name = InfoPlist.strings;
			sourceTree = "<group>";
		};
		67F560BF198A680900434B9D /* Main.storyboard */ = {
			isa = PBXVariantGroup;
			children = (
				67F560C0198A680900434B9D /* Base */,
			);
			name = Main.storyboard;
			sourceTree = "<group>";
		};
		67F560D5198A680900434B9D /* InfoPlist.strings */ = {
			isa = PBXVariantGroup;
			children = (
				67F560D6198A680900434B9D /* en */,
			);
			name = InfoPlist.strings;
			sourceTree = "<group>";
		};
/* End PBXVariantGroup section */

/* Begin XCBuildConfiguration section */
		67F560DA198A680900434B9D /* Debug */ = {
			isa = XCBuildConfiguration;
			buildSettings = {
				ALWAYS_SEARCH_USER_PATHS = NO;
				CLANG_CXX_LANGUAGE_STANDARD = "gnu++0x";
				CLANG_CXX_LIBRARY = "libc++";
				CLANG_ENABLE_MODULES = YES;
				CLANG_ENABLE_OBJC_ARC = YES;
				CLANG_WARN_BOOL_CONVERSION = YES;
				CLANG_WARN_CONSTANT_CONVERSION = YES;
				CLANG_WARN_DIRECT_OBJC_ISA_USAGE = YES_ERROR;
				CLANG_WARN_EMPTY_BODY = YES;
				CLANG_WARN_ENUM_CONVERSION = YES;
				CLANG_WARN_INT_CONVERSION = YES;
				CLANG_WARN_OBJC_ROOT_CLASS = YES_ERROR;
				CLANG_WARN__DUPLICATE_METHOD_MATCH = YES;
				"CODE_SIGN_IDENTITY[sdk=iphoneos*]" = "iPhone Developer";
				COPY_PHASE_STRIP = NO;
				GCC_C_LANGUAGE_STANDARD = gnu99;
				GCC_DYNAMIC_NO_PIC = NO;
				GCC_OPTIMIZATION_LEVEL = 0;
				GCC_PREPROCESSOR_DEFINITIONS = (
					"DEBUG=1",
					"$(inherited)",
				);
				GCC_SYMBOLS_PRIVATE_EXTERN = NO;
				GCC_WARN_64_TO_32_BIT_CONVERSION = YES;
				GCC_WARN_ABOUT_RETURN_TYPE = YES_ERROR;
				GCC_WARN_UNDECLARED_SELECTOR = YES;
				GCC_WARN_UNINITIALIZED_AUTOS = YES_AGGRESSIVE;
				GCC_WARN_UNUSED_FUNCTION = YES;
				GCC_WARN_UNUSED_VARIABLE = YES;
				IPHONEOS_DEPLOYMENT_TARGET = 7.1;
				ONLY_ACTIVE_ARCH = YES;
				SDKROOT = iphoneos;
			};
			name = Debug;
		};
		67F560DB198A680900434B9D /* Release */ = {
			isa = XCBuildConfiguration;
			buildSettings = {
				ALWAYS_SEARCH_USER_PATHS = NO;
				CLANG_CXX_LANGUAGE_STANDARD = "gnu++0x";
				CLANG_CXX_LIBRARY = "libc++";
				CLANG_ENABLE_MODULES = YES;
				CLANG_ENABLE_OBJC_ARC = YES;
				CLANG_WARN_BOOL_CONVERSION = YES;
				CLANG_WARN_CONSTANT_CONVERSION = YES;
				CLANG_WARN_DIRECT_OBJC_ISA_USAGE = YES_ERROR;
				CLANG_WARN_EMPTY_BODY = YES;
				CLANG_WARN_ENUM_CONVERSION = YES;
				CLANG_WARN_INT_CONVERSION = YES;
				CLANG_WARN_OBJC_ROOT_CLASS = YES_ERROR;
				CLANG_WARN__DUPLICATE_METHOD_MATCH = YES;
				"CODE_SIGN_IDENTITY[sdk=iphoneos*]" = "iPhone Developer";
				COPY_PHASE_STRIP = YES;
				ENABLE_NS_ASSERTIONS = NO;
				GCC_C_LANGUAGE_STANDARD = gnu99;
				GCC_WARN_64_TO_32_BIT_CONVERSION = YES;
				GCC_WARN_ABOUT_RETURN_TYPE = YES_ERROR;
				GCC_WARN_UNDECLARED_SELECTOR = YES;
				GCC_WARN_UNINITIALIZED_AUTOS = YES_AGGRESSIVE;
				GCC_WARN_UNUSED_FUNCTION = YES;
				GCC_WARN_UNUSED_VARIABLE = YES;
				IPHONEOS_DEPLOYMENT_TARGET = 7.1;
				SDKROOT = iphoneos;
				VALIDATE_PRODUCT = YES;
			};
			name = Release;
		};
		67F560DD198A680900434B9D /* Debug */ = {
			isa = XCBuildConfiguration;
			buildSettings = {
				ASSETCATALOG_COMPILER_APPICON_NAME = AppIcon;
				ASSETCATALOG_COMPILER_LAUNCHIMAGE_NAME = LaunchImage;
				FRAMEWORK_SEARCH_PATHS = (
					"$(inherited)",
					"$(PROJECT_DIR)/MoipSDK.embeddedframework",
				);
				GCC_PRECOMPILE_PREFIX_HEADER = YES;
				GCC_PREFIX_HEADER = "Moip Store/Moip Store-Prefix.pch";
				INFOPLIST_FILE = "Moip Store/Moip Store-Info.plist";
				IPHONEOS_DEPLOYMENT_TARGET = 7.1;
				PRODUCT_NAME = Brigadeiro;
				WRAPPER_EXTENSION = app;
			};
			name = Debug;
		};
		67F560DE198A680900434B9D /* Release */ = {
			isa = XCBuildConfiguration;
			buildSettings = {
				ASSETCATALOG_COMPILER_APPICON_NAME = AppIcon;
				ASSETCATALOG_COMPILER_LAUNCHIMAGE_NAME = LaunchImage;
				FRAMEWORK_SEARCH_PATHS = (
					"$(inherited)",
					"$(PROJECT_DIR)/MoipSDK.embeddedframework",
				);
				GCC_PRECOMPILE_PREFIX_HEADER = YES;
				GCC_PREFIX_HEADER = "Moip Store/Moip Store-Prefix.pch";
				INFOPLIST_FILE = "Moip Store/Moip Store-Info.plist";
				IPHONEOS_DEPLOYMENT_TARGET = 7.1;
				PRODUCT_NAME = Brigadeiro;
				WRAPPER_EXTENSION = app;
			};
			name = Release;
		};
		67F560E0198A680900434B9D /* Debug */ = {
			isa = XCBuildConfiguration;
			buildSettings = {
				BUNDLE_LOADER = "$(BUILT_PRODUCTS_DIR)/Moip Store.app/Moip Store";
				FRAMEWORK_SEARCH_PATHS = (
					"$(SDKROOT)/Developer/Library/Frameworks",
					"$(inherited)",
					"$(DEVELOPER_FRAMEWORKS_DIR)",
				);
				GCC_PRECOMPILE_PREFIX_HEADER = YES;
				GCC_PREFIX_HEADER = "Moip Store/Moip Store-Prefix.pch";
				GCC_PREPROCESSOR_DEFINITIONS = (
					"DEBUG=1",
					"$(inherited)",
				);
				INFOPLIST_FILE = "Moip StoreTests/Moip StoreTests-Info.plist";
				PRODUCT_NAME = "$(TARGET_NAME)";
				TEST_HOST = "$(BUNDLE_LOADER)";
				WRAPPER_EXTENSION = xctest;
			};
			name = Debug;
		};
		67F560E1198A680900434B9D /* Release */ = {
			isa = XCBuildConfiguration;
			buildSettings = {
				BUNDLE_LOADER = "$(BUILT_PRODUCTS_DIR)/Moip Store.app/Moip Store";
				FRAMEWORK_SEARCH_PATHS = (
					"$(SDKROOT)/Developer/Library/Frameworks",
					"$(inherited)",
					"$(DEVELOPER_FRAMEWORKS_DIR)",
				);
				GCC_PRECOMPILE_PREFIX_HEADER = YES;
				GCC_PREFIX_HEADER = "Moip Store/Moip Store-Prefix.pch";
				INFOPLIST_FILE = "Moip StoreTests/Moip StoreTests-Info.plist";
				PRODUCT_NAME = "$(TARGET_NAME)";
				TEST_HOST = "$(BUNDLE_LOADER)";
				WRAPPER_EXTENSION = xctest;
			};
			name = Release;
		};
/* End XCBuildConfiguration section */

/* Begin XCConfigurationList section */
		67F560A5198A680900434B9D /* Build configuration list for PBXProject "Moip Store" */ = {
			isa = XCConfigurationList;
			buildConfigurations = (
				67F560DA198A680900434B9D /* Debug */,
				67F560DB198A680900434B9D /* Release */,
			);
			defaultConfigurationIsVisible = 0;
			defaultConfigurationName = Release;
		};
		67F560DC198A680900434B9D /* Build configuration list for PBXNativeTarget "Moip Store" */ = {
			isa = XCConfigurationList;
			buildConfigurations = (
				67F560DD198A680900434B9D /* Debug */,
				67F560DE198A680900434B9D /* Release */,
			);
			defaultConfigurationIsVisible = 0;
			defaultConfigurationName = Release;
		};
		67F560DF198A680900434B9D /* Build configuration list for PBXNativeTarget "Moip StoreTests" */ = {
			isa = XCConfigurationList;
			buildConfigurations = (
				67F560E0198A680900434B9D /* Debug */,
				67F560E1198A680900434B9D /* Release */,
			);
			defaultConfigurationIsVisible = 0;
			defaultConfigurationName = Release;
		};
/* End XCConfigurationList section */
	};
	rootObject = 67F560A2198A680900434B9D /* Project object */;
}
